
Microsoft Visual Studio Solution File, Format Version 12.00
# Visual Studio Version 16
VisualStudioVersion = 16.0.29418.71
MinimumVisualStudioVersion = 10.0.40219.1
Project("{FAE04EC0-301F-11D3-BF4B-00C04F79EFBC}") = "WpfElements", "WpfElements\WpfElements.csproj", "{B3D9BEB8-72CA-4A86-BFCB-AD051C00CA1C}"
EndProject
Global
	GlobalSection(SolutionConfigurationPlatforms) = preSolution
		Debug|Any CPU = Debug|Any CPU
		Release|Any CPU = Release|Any CPU
	EndGlobalSection
	GlobalSection(ProjectConfigurationPlatforms) = postSolution
		{B3D9BEB8-72CA-4A86-BFCB-AD051C00CA1C}.Debug|Any CPU.ActiveCfg = Debug|Any CPU
		{B3D9BEB8-72CA-4A86-BFCB-AD051C00CA1C}.Debug|Any CPU.Build.0 = Debug|Any CPU
		{B3D9BEB8-72CA-4A86-BFCB-AD051C00CA1C}.Release|Any CPU.ActiveCfg = Release|Any CPU
		{B3D9BEB8-72CA-4A86-BFCB-AD051C00CA1C}.Release|Any CPU.Build.0 = Release|Any CPU
	EndGlobalSection
	GlobalSection(SolutionProperties) = preSolution
		HideSolutionNode = FALSE
	EndGlobalSection
	GlobalSection(ExtensibilityGlobals) = postSolution
		SolutionGuid = {ABA19D69-E156-4A21-ABFA-485E9566EACE}
	EndGlobalSection
EndGlobal
